
Microsoft Visual Studio Solution File, Format Version 12.00
# Visual Studio Version 17
VisualStudioVersion = 17.4.33213.308
MinimumVisualStudioVersion = 10.0.40219.1
Project("{9A19103F-16F7-4668-BE54-9A1E7A4F7556}") = "DataAccess", "DataAccess\DataAccess.csproj", "{5EDAD55C-CDC0-4374-B64B-721CF8845ECC}"
EndProject
Project("{9A19103F-16F7-4668-BE54-9A1E7A4F7556}") = "Business", "Business\Business.csproj", "{EEAE9A15-0463-4609-A724-F01960D1CA12}"
EndProject
Project("{9A19103F-16F7-4668-BE54-9A1E7A4F7556}") = "Entities", "Entities\Entities.csproj", "{D810EDC4-66CB-4FE2-B479-8E0AD4434A93}"
EndProject
Project("{9A19103F-16F7-4668-BE54-9A1E7A4F7556}") = "ConsoleUI", "ConsoleUI\ConsoleUI.csproj", "{7C82CF3F-44BC-4918-B4B4-B8F31AB952C4}"
EndProject
Project("{2150E333-8FDC-42A3-9474-1A3956D46DE8}") = "Solution Items", "Solution Items", "{F87BA0D2-7649-47C0-AFAF-8E489E5A40DC}"
	ProjectSection(SolutionItems) = preProject
		.editorconfig = .editorconfig
	EndProjectSection
EndProject
Global
	GlobalSection(SolutionConfigurationPlatforms) = preSolution
		Debug|Any CPU = Debug|Any CPU
		Release|Any CPU = Release|Any CPU
	EndGlobalSection
	GlobalSection(ProjectConfigurationPlatforms) = postSolution
		{5EDAD55C-CDC0-4374-B64B-721CF8845ECC}.Debug|Any CPU.ActiveCfg = Debug|Any CPU
		{5EDAD55C-CDC0-4374-B64B-721CF8845ECC}.Debug|Any CPU.Build.0 = Debug|Any CPU
		{5EDAD55C-CDC0-4374-B64B-721CF8845ECC}.Release|Any CPU.ActiveCfg = Release|Any CPU
		{5EDAD55C-CDC0-4374-B64B-721CF8845ECC}.Release|Any CPU.Build.0 = Release|Any CPU
		{EEAE9A15-0463-4609-A724-F01960D1CA12}.Debug|Any CPU.ActiveCfg = Debug|Any CPU
		{EEAE9A15-0463-4609-A724-F01960D1CA12}.Debug|Any CPU.Build.0 = Debug|Any CPU
		{EEAE9A15-0463-4609-A724-F01960D1CA12}.Release|Any CPU.ActiveCfg = Release|Any CPU
		{EEAE9A15-0463-4609-A724-F01960D1CA12}.Release|Any CPU.Build.0 = Release|Any CPU
		{D810EDC4-66CB-4FE2-B479-8E0AD4434A93}.Debug|Any CPU.ActiveCfg = Debug|Any CPU
		{D810EDC4-66CB-4FE2-B479-8E0AD4434A93}.Debug|Any CPU.Build.0 = Debug|Any CPU
		{D810EDC4-66CB-4FE2-B479-8E0AD4434A93}.Release|Any CPU.ActiveCfg = Release|Any CPU
		{D810EDC4-66CB-4FE2-B479-8E0AD4434A93}.Release|Any CPU.Build.0 = Release|Any CPU
		{7C82CF3F-44BC-4918-B4B4-B8F31AB952C4}.Debug|Any CPU.ActiveCfg = Debug|Any CPU
		{7C82CF3F-44BC-4918-B4B4-B8F31AB952C4}.Debug|Any CPU.Build.0 = Debug|Any CPU
		{7C82CF3F-44BC-4918-B4B4-B8F31AB952C4}.Release|Any CPU.ActiveCfg = Release|Any CPU
		{7C82CF3F-44BC-4918-B4B4-B8F31AB952C4}.Release|Any CPU.Build.0 = Release|Any CPU
	EndGlobalSection
	GlobalSection(SolutionProperties) = preSolution
		HideSolutionNode = FALSE
	EndGlobalSection
	GlobalSection(ExtensibilityGlobals) = postSolution
		SolutionGuid = {F0B267F4-1212-4C17-858F-A0B21D207340}
	EndGlobalSection
EndGlobal
